// !$*UTF8*$!
{
	archiveVersion = 1;
	classes = {
	};
	objectVersion = 46;
	objects = {

/* Begin PBXBuildFile section */
		C31173021E660A6D00328CDD /* AppDelegate.swift in Sources */ = {isa = PBXBuildFile; fileRef = C31173011E660A6D00328CDD /* AppDelegate.swift */; };
		C31173071E660A6D00328CDD /* Main.storyboard in Resources */ = {isa = PBXBuildFile; fileRef = C31173051E660A6D00328CDD /* Main.storyboard */; };
		C31173091E660A6D00328CDD /* Assets.xcassets in Resources */ = {isa = PBXBuildFile; fileRef = C31173081E660A6D00328CDD /* Assets.xcassets */; };
		C311730C1E660A6D00328CDD /* LaunchScreen.storyboard in Resources */ = {isa = PBXBuildFile; fileRef = C311730A1E660A6D00328CDD /* LaunchScreen.storyboard */; };
		C31173141E660DBE00328CDD /* AsianStreetFoodTVC.swift in Sources */ = {isa = PBXBuildFile; fileRef = C31173131E660DBE00328CDD /* AsianStreetFoodTVC.swift */; };
		C31173161E6610F700328CDD /* SourceSansPro-Regular.otf in Resources */ = {isa = PBXBuildFile; fileRef = C31173151E6610F700328CDD /* SourceSansPro-Regular.otf */; };
		C31173191E66D48400328CDD /* MealViewCell.swift in Sources */ = {isa = PBXBuildFile; fileRef = C31173171E66D48400328CDD /* MealViewCell.swift */; };
		C311731A1E66D48400328CDD /* MealViewCell.xib in Resources */ = {isa = PBXBuildFile; fileRef = C31173181E66D48400328CDD /* MealViewCell.xib */; };
		C311731D1E66D4D000328CDD /* NewsViewCell.swift in Sources */ = {isa = PBXBuildFile; fileRef = C311731B1E66D4D000328CDD /* NewsViewCell.swift */; };
		C311731E1E66D4D000328CDD /* NewsViewCell.xib in Resources */ = {isa = PBXBuildFile; fileRef = C311731C1E66D4D000328CDD /* NewsViewCell.xib */; };
		C31173201E66EB0100328CDD /* SourceSansPro-Bold.otf in Resources */ = {isa = PBXBuildFile; fileRef = C311731F1E66EB0100328CDD /* SourceSansPro-Bold.otf */; };
		C31173221E66F06300328CDD /* Utils.swift in Sources */ = {isa = PBXBuildFile; fileRef = C31173211E66F06300328CDD /* Utils.swift */; };
/* End PBXBuildFile section */

/* Begin PBXFileReference section */
		C31172FE1E660A6D00328CDD /* Umami.ua.app */ = {isa = PBXFileReference; explicitFileType = wrapper.application; includeInIndex = 0; path = Umami.ua.app; sourceTree = BUILT_PRODUCTS_DIR; };
		C31173011E660A6D00328CDD /* AppDelegate.swift */ = {isa = PBXFileReference; lastKnownFileType = sourcecode.swift; path = AppDelegate.swift; sourceTree = "<group>"; };
		C31173061E660A6D00328CDD /* Base */ = {isa = PBXFileReference; lastKnownFileType = file.storyboard; name = Base; path = Base.lproj/Main.storyboard; sourceTree = "<group>"; };
		C31173081E660A6D00328CDD /* Assets.xcassets */ = {isa = PBXFileReference; lastKnownFileType = folder.assetcatalog; path = Assets.xcassets; sourceTree = "<group>"; };
		C311730B1E660A6D00328CDD /* Base */ = {isa = PBXFileReference; lastKnownFileType = file.storyboard; name = Base; path = Base.lproj/LaunchScreen.storyboard; sourceTree = "<group>"; };
		C311730D1E660A6D00328CDD /* Info.plist */ = {isa = PBXFileReference; lastKnownFileType = text.plist.xml; path = Info.plist; sourceTree = "<group>"; };
		C31173131E660DBE00328CDD /* AsianStreetFoodTVC.swift */ = {isa = PBXFileReference; fileEncoding = 4; lastKnownFileType = sourcecode.swift; path = AsianStreetFoodTVC.swift; sourceTree = "<group>"; };
		C31173151E6610F700328CDD /* SourceSansPro-Regular.otf */ = {isa = PBXFileReference; lastKnownFileType = file; path = "SourceSansPro-Regular.otf"; sourceTree = "<group>"; };
		C31173171E66D48400328CDD /* MealViewCell.swift */ = {isa = PBXFileReference; fileEncoding = 4; lastKnownFileType = sourcecode.swift; path = MealViewCell.swift; sourceTree = "<group>"; };
		C31173181E66D48400328CDD /* MealViewCell.xib */ = {isa = PBXFileReference; fileEncoding = 4; lastKnownFileType = file.xib; path = MealViewCell.xib; sourceTree = "<group>"; };
		C311731B1E66D4D000328CDD /* NewsViewCell.swift */ = {isa = PBXFileReference; fileEncoding = 4; lastKnownFileType = sourcecode.swift; path = NewsViewCell.swift; sourceTree = "<group>"; };
		C311731C1E66D4D000328CDD /* NewsViewCell.xib */ = {isa = PBXFileReference; fileEncoding = 4; lastKnownFileType = file.xib; path = NewsViewCell.xib; sourceTree = "<group>"; };
		C311731F1E66EB0100328CDD /* SourceSansPro-Bold.otf */ = {isa = PBXFileReference; lastKnownFileType = file; path = "SourceSansPro-Bold.otf"; sourceTree = "<group>"; };
		C31173211E66F06300328CDD /* Utils.swift */ = {isa = PBXFileReference; fileEncoding = 4; lastKnownFileType = sourcecode.swift; path = Utils.swift; sourceTree = "<group>"; };
/* End PBXFileReference section */

/* Begin PBXFrameworksBuildPhase section */
		C31172FB1E660A6D00328CDD /* Frameworks */ = {
			isa = PBXFrameworksBuildPhase;
			buildActionMask = 2147483647;
			files = (
			);
			runOnlyForDeploymentPostprocessing = 0;
		};
/* End PBXFrameworksBuildPhase section */

/* Begin PBXGroup section */
		C31172F51E660A6D00328CDD = {
			isa = PBXGroup;
			children = (
				C31173001E660A6D00328CDD /* Umami.ua */,
				C31172FF1E660A6D00328CDD /* Products */,
			);
			sourceTree = "<group>";
		};
		C31172FF1E660A6D00328CDD /* Products */ = {
			isa = PBXGroup;
			children = (
				C31172FE1E660A6D00328CDD /* Umami.ua.app */,
			);
			name = Products;
			sourceTree = "<group>";
		};
		C31173001E660A6D00328CDD /* Umami.ua */ = {
			isa = PBXGroup;
			children = (
				C31173011E660A6D00328CDD /* AppDelegate.swift */,
				C31173211E66F06300328CDD /* Utils.swift */,
				C311731F1E66EB0100328CDD /* SourceSansPro-Bold.otf */,
				C31173151E6610F700328CDD /* SourceSansPro-Regular.otf */,
				C31173131E660DBE00328CDD /* AsianStreetFoodTVC.swift */,
				C31173051E660A6D00328CDD /* Main.storyboard */,
				C31173081E660A6D00328CDD /* Assets.xcassets */,
				C311730A1E660A6D00328CDD /* LaunchScreen.storyboard */,
				C311730D1E660A6D00328CDD /* Info.plist */,
				C31173171E66D48400328CDD /* MealViewCell.swift */,
				C31173181E66D48400328CDD /* MealViewCell.xib */,
				C311731B1E66D4D000328CDD /* NewsViewCell.swift */,
				C311731C1E66D4D000328CDD /* NewsViewCell.xib */,
			);
			path = Umami.ua;
			sourceTree = "<group>";
		};
/* End PBXGroup section */

/* Begin PBXNativeTarget section */
		C31172FD1E660A6D00328CDD /* Umami.ua */ = {
			isa = PBXNativeTarget;
			buildConfigurationList = C31173101E660A6D00328CDD /* Build configuration list for PBXNativeTarget "Umami.ua" */;
			buildPhases = (
				C31172FA1E660A6D00328CDD /* Sources */,
				C31172FB1E660A6D00328CDD /* Frameworks */,
				C31172FC1E660A6D00328CDD /* Resources */,
			);
			buildRules = (
			);
			dependencies = (
			);
			name = Umami.ua;
			productName = Umami.ua;
			productReference = C31172FE1E660A6D00328CDD /* Umami.ua.app */;
			productType = "com.apple.product-type.application";
		};
/* End PBXNativeTarget section */

/* Begin PBXProject section */
		C31172F61E660A6D00328CDD /* Project object */ = {
			isa = PBXProject;
			attributes = {
				LastSwiftUpdateCheck = 0820;
				LastUpgradeCheck = 0820;
				ORGANIZATIONNAME = "Ocotober Hammer";
				TargetAttributes = {
					C31172FD1E660A6D00328CDD = {
						CreatedOnToolsVersion = 8.2.1;
						DevelopmentTeam = 324M5N8HKC;
						ProvisioningStyle = Automatic;
					};
				};
			};
			buildConfigurationList = C31172F91E660A6D00328CDD /* Build configuration list for PBXProject "Umami.ua" */;
			compatibilityVersion = "Xcode 3.2";
			developmentRegion = English;
			hasScannedForEncodings = 0;
			knownRegions = (
				en,
				Base,
			);
			mainGroup = C31172F51E660A6D00328CDD;
			productRefGroup = C31172FF1E660A6D00328CDD /* Products */;
			projectDirPath = "";
			projectRoot = "";
			targets = (
				C31172FD1E660A6D00328CDD /* Umami.ua */,
			);
		};
/* End PBXProject section */

/* Begin PBXResourcesBuildPhase section */
		C31172FC1E660A6D00328CDD /* Resources */ = {
			isa = PBXResourcesBuildPhase;
			buildActionMask = 2147483647;
			files = (
				C311730C1E660A6D00328CDD /* LaunchScreen.storyboard in Resources */,
				C31173201E66EB0100328CDD /* SourceSansPro-Bold.otf in Resources */,
				C311731A1E66D48400328CDD /* MealViewCell.xib in Resources */,
				C31173091E660A6D00328CDD /* Assets.xcassets in Resources */,
				C311731E1E66D4D000328CDD /* NewsViewCell.xib in Resources */,
				C31173161E6610F700328CDD /* SourceSansPro-Regular.otf in Resources */,
				C31173071E660A6D00328CDD /* Main.storyboard in Resources */,
			);
			runOnlyForDeploymentPostprocessing = 0;
		};
/* End PBXResourcesBuildPhase section */

/* Begin PBXSourcesBuildPhase section */
		C31172FA1E660A6D00328CDD /* Sources */ = {
			isa = PBXSourcesBuildPhase;
			buildActionMask = 2147483647;
			files = (
				C31173221E66F06300328CDD /* Utils.swift in Sources */,
				C31173021E660A6D00328CDD /* AppDelegate.swift in Sources */,
				C311731D1E66D4D000328CDD /* NewsViewCell.swift in Sources */,
				C31173191E66D48400328CDD /* MealViewCell.swift in Sources */,
				C31173141E660DBE00328CDD /* AsianStreetFoodTVC.swift in Sources */,
			);
			runOnlyForDeploymentPostprocessing = 0;
		};
/* End PBXSourcesBuildPhase section */

/* Begin PBXVariantGroup section */
		C31173051E660A6D00328CDD /* Main.storyboard */ = {
			isa = PBXVariantGroup;
			children = (
				C31173061E660A6D00328CDD /* Base */,
			);
			name = Main.storyboard;
			sourceTree = "<group>";
		};
		C311730A1E660A6D00328CDD /* LaunchScreen.storyboard */ = {
			isa = PBXVariantGroup;
			children = (
				C311730B1E660A6D00328CDD /* Base */,
			);
			name = LaunchScreen.storyboard;
			sourceTree = "<group>";
		};
/* End PBXVariantGroup section */

/* Begin XCBuildConfiguration section */
		C311730E1E660A6D00328CDD /* Debug */ = {
			isa = XCBuildConfiguration;
			buildSettings = {
				ALWAYS_SEARCH_USER_PATHS = NO;
				CLANG_ANALYZER_NONNULL = YES;
				CLANG_CXX_LANGUAGE_STANDARD = "gnu++0x";
				CLANG_CXX_LIBRARY = "libc++";
				CLANG_ENABLE_MODULES = YES;
				CLANG_ENABLE_OBJC_ARC = YES;
				CLANG_WARN_BOOL_CONVERSION = YES;
				CLANG_WARN_CONSTANT_CONVERSION = YES;
				CLANG_WARN_DIRECT_OBJC_ISA_USAGE = YES_ERROR;
				CLANG_WARN_DOCUMENTATION_COMMENTS = YES;
				CLANG_WARN_EMPTY_BODY = YES;
				CLANG_WARN_ENUM_CONVERSION = YES;
				CLANG_WARN_INFINITE_RECURSION = YES;
				CLANG_WARN_INT_CONVERSION = YES;
				CLANG_WARN_OBJC_ROOT_CLASS = YES_ERROR;
				CLANG_WARN_SUSPICIOUS_MOVE = YES;
				CLANG_WARN_UNREACHABLE_CODE = YES;
				CLANG_WARN__DUPLICATE_METHOD_MATCH = YES;
				"CODE_SIGN_IDENTITY[sdk=iphoneos*]" = "iPhone Developer";
				COPY_PHASE_STRIP = NO;
				DEBUG_INFORMATION_FORMAT = dwarf;
				ENABLE_STRICT_OBJC_MSGSEND = YES;
				ENABLE_TESTABILITY = YES;
				GCC_C_LANGUAGE_STANDARD = gnu99;
				GCC_DYNAMIC_NO_PIC = NO;
				GCC_NO_COMMON_BLOCKS = YES;
				GCC_OPTIMIZATION_LEVEL = 0;
				GCC_PREPROCESSOR_DEFINITIONS = (
					"DEBUG=1",
					"$(inherited)",
				);
				GCC_WARN_64_TO_32_BIT_CONVERSION = YES;
				GCC_WARN_ABOUT_RETURN_TYPE = YES_ERROR;
				GCC_WARN_UNDECLARED_SELECTOR = YES;
				GCC_WARN_UNINITIALIZED_AUTOS = YES_AGGRESSIVE;
				GCC_WARN_UNUSED_FUNCTION = YES;
				GCC_WARN_UNUSED_VARIABLE = YES;
				IPHONEOS_DEPLOYMENT_TARGET = 10.2;
				MTL_ENABLE_DEBUG_INFO = YES;
				ONLY_ACTIVE_ARCH = YES;
				SDKROOT = iphoneos;
				SWIFT_ACTIVE_COMPILATION_CONDITIONS = DEBUG;
				SWIFT_OPTIMIZATION_LEVEL = "-Onone";
			};
			name = Debug;
		};
		C311730F1E660A6D00328CDD /* Release */ = {
			isa = XCBuildConfiguration;
			buildSettings = {
				ALWAYS_SEARCH_USER_PATHS = NO;
				CLANG_ANALYZER_NONNULL = YES;
				CLANG_CXX_LANGUAGE_STANDARD = "gnu++0x";
				CLANG_CXX_LIBRARY = "libc++";
				CLANG_ENABLE_MODULES = YES;
				CLANG_ENABLE_OBJC_ARC = YES;
				CLANG_WARN_BOOL_CONVERSION = YES;
				CLANG_WARN_CONSTANT_CONVERSION = YES;
				CLANG_WARN_DIRECT_OBJC_ISA_USAGE = YES_ERROR;
				CLANG_WARN_DOCUMENTATION_COMMENTS = YES;
				CLANG_WARN_EMPTY_BODY = YES;
				CLANG_WARN_ENUM_CONVERSION = YES;
				CLANG_WARN_INFINITE_RECURSION = YES;
				CLANG_WARN_INT_CONVERSION = YES;
				CLANG_WARN_OBJC_ROOT_CLASS = YES_ERROR;
				CLANG_WARN_SUSPICIOUS_MOVE = YES;
				CLANG_WARN_UNREACHABLE_CODE = YES;
				CLANG_WARN__DUPLICATE_METHOD_MATCH = YES;
				"CODE_SIGN_IDENTITY[sdk=iphoneos*]" = "iPhone Developer";
				COPY_PHASE_STRIP = NO;
				DEBUG_INFORMATION_FORMAT = "dwarf-with-dsym";
				ENABLE_NS_ASSERTIONS = NO;
				ENABLE_STRICT_OBJC_MSGSEND = YES;
				GCC_C_LANGUAGE_STANDARD = gnu99;
				GCC_NO_COMMON_BLOCKS = YES;
				GCC_WARN_64_TO_32_BIT_CONVERSION = YES;
				GCC_WARN_ABOUT_RETURN_TYPE = YES_ERROR;
				GCC_WARN_UNDECLARED_SELECTOR = YES;
				GCC_WARN_UNINITIALIZED_AUTOS = YES_AGGRESSIVE;
				GCC_WARN_UNUSED_FUNCTION = YES;
				GCC_WARN_UNUSED_VARIABLE = YES;
				IPHONEOS_DEPLOYMENT_TARGET = 10.2;
				MTL_ENABLE_DEBUG_INFO = NO;
				SDKROOT = iphoneos;
				SWIFT_OPTIMIZATION_LEVEL = "-Owholemodule";
				VALIDATE_PRODUCT = YES;
			};
			name = Release;
		};
		C31173111E660A6D00328CDD /* Debug */ = {
			isa = XCBuildConfiguration;
			buildSettings = {
				ASSETCATALOG_COMPILER_APPICON_NAME = AppIcon;
				DEVELOPMENT_TEAM = 324M5N8HKC;
				INFOPLIST_FILE = Umami.ua/Info.plist;
				LD_RUNPATH_SEARCH_PATHS = "$(inherited) @executable_path/Frameworks";
				PRODUCT_BUNDLE_IDENTIFIER = "com.octoberhammer.Umami-ua";
				PRODUCT_NAME = "$(TARGET_NAME)";
				SWIFT_VERSION = 3.0;
			};
			name = Debug;
		};
		C31173121E660A6D00328CDD /* Release */ = {
			isa = XCBuildConfiguration;
			buildSettings = {
				ASSETCATALOG_COMPILER_APPICON_NAME = AppIcon;
				DEVELOPMENT_TEAM = 324M5N8HKC;
				INFOPLIST_FILE = Umami.ua/Info.plist;
				LD_RUNPATH_SEARCH_PATHS = "$(inherited) @executable_path/Frameworks";
				PRODUCT_BUNDLE_IDENTIFIER = "com.octoberhammer.Umami-ua";
				PRODUCT_NAME = "$(TARGET_NAME)";
				SWIFT_VERSION = 3.0;
			};
			name = Release;
		};
/* End XCBuildConfiguration section */

/* Begin XCConfigurationList section */
		C31172F91E660A6D00328CDD /* Build configuration list for PBXProject "Umami.ua" */ = {
			isa = XCConfigurationList;
			buildConfigurations = (
				C311730E1E660A6D00328CDD /* Debug */,
				C311730F1E660A6D00328CDD /* Release */,
			);
			defaultConfigurationIsVisible = 0;
			defaultConfigurationName = Release;
		};
		C31173101E660A6D00328CDD /* Build configuration list for PBXNativeTarget "Umami.ua" */ = {
			isa = XCConfigurationList;
			buildConfigurations = (
				C31173111E660A6D00328CDD /* Debug */,
				C31173121E660A6D00328CDD /* Release */,
			);
			defaultConfigurationIsVisible = 0;
			defaultConfigurationName = Release;
		};
/* End XCConfigurationList section */
	};
	rootObject = C31172F61E660A6D00328CDD /* Project object */;
}
